
Microsoft Visual Studio Solution File, Format Version 12.00
# Visual Studio Version 16
VisualStudioVersion = 16.0.31624.102
MinimumVisualStudioVersion = 10.0.40219.1
Project("{FAE04EC0-301F-11D3-BF4B-00C04F79EFBC}") = "Лб2,№8", "Лб2,№8\Лб2,№8.csproj", "{D1DDBF64-0869-4F7F-A4A8-F5E857BD5DA7}"
EndProject
Global
	GlobalSection(SolutionConfigurationPlatforms) = preSolution
		Debug|Any CPU = Debug|Any CPU
		Release|Any CPU = Release|Any CPU
	EndGlobalSection
	GlobalSection(ProjectConfigurationPlatforms) = postSolution
		{D1DDBF64-0869-4F7F-A4A8-F5E857BD5DA7}.Debug|Any CPU.ActiveCfg = Debug|Any CPU
		{D1DDBF64-0869-4F7F-A4A8-F5E857BD5DA7}.Debug|Any CPU.Build.0 = Debug|Any CPU
		{D1DDBF64-0869-4F7F-A4A8-F5E857BD5DA7}.Release|Any CPU.ActiveCfg = Release|Any CPU
		{D1DDBF64-0869-4F7F-A4A8-F5E857BD5DA7}.Release|Any CPU.Build.0 = Release|Any CPU
	EndGlobalSection
	GlobalSection(SolutionProperties) = preSolution
		HideSolutionNode = FALSE
	EndGlobalSection
	GlobalSection(ExtensibilityGlobals) = postSolution
		SolutionGuid = {1185C811-E213-40D1-98C0-D8BFDE34AF64}
	EndGlobalSection
EndGlobal
